
Microsoft Visual Studio Solution File, Format Version 12.00
# Visual Studio 15
Project("{FAE04EC0-301F-11D3-BF4B-00C04F79EFBC}") = "Assembly-CSharp", "Assembly-CSharp.csproj", "{B886EC03-F349-C7CD-5B80-46175B25CB0C}"
EndProject
Project("{FAE04EC0-301F-11D3-BF4B-00C04F79EFBC}") = "Assembly-CSharp-Editor", "Assembly-CSharp-Editor.csproj", "{0E98F731-293A-32B1-A354-341DDB97B46C}"
EndProject
Global
	GlobalSection(SolutionConfigurationPlatforms) = preSolution
		Debug|Any CPU = Debug|Any CPU
		Release|Any CPU = Release|Any CPU
	EndGlobalSection
	GlobalSection(ProjectConfigurationPlatforms) = postSolution
		{B886EC03-F349-C7CD-5B80-46175B25CB0C}.Debug|Any CPU.ActiveCfg = Debug|Any CPU
		{B886EC03-F349-C7CD-5B80-46175B25CB0C}.Debug|Any CPU.Build.0 = Debug|Any CPU
		{B886EC03-F349-C7CD-5B80-46175B25CB0C}.Release|Any CPU.ActiveCfg = Release|Any CPU
		{B886EC03-F349-C7CD-5B80-46175B25CB0C}.Release|Any CPU.Build.0 = Release|Any CPU
		{0E98F731-293A-32B1-A354-341DDB97B46C}.Debug|Any CPU.ActiveCfg = Debug|Any CPU
		{0E98F731-293A-32B1-A354-341DDB97B46C}.Debug|Any CPU.Build.0 = Debug|Any CPU
		{0E98F731-293A-32B1-A354-341DDB97B46C}.Release|Any CPU.ActiveCfg = Release|Any CPU
		{0E98F731-293A-32B1-A354-341DDB97B46C}.Release|Any CPU.Build.0 = Release|Any CPU
	EndGlobalSection
	GlobalSection(SolutionProperties) = preSolution
		HideSolutionNode = FALSE
	EndGlobalSection
EndGlobal
